// !$*UTF8*$!
{
	archiveVersion = 1;
	classes = {
	};
	objectVersion = 46;
	objects = {

/* Begin PBXBuildFile section */
		92464CAC1B94BF86006727E7 /* DataSource.swift in Sources */ = {isa = PBXBuildFile; fileRef = 92464CAB1B94BF86006727E7 /* DataSource.swift */; };
		92464CB01B94E418006727E7 /* Born_to_the_West_(1937)_1.jpg in Resources */ = {isa = PBXBuildFile; fileRef = 92464CAF1B94E418006727E7 /* Born_to_the_West_(1937)_1.jpg */; };
		92464CB21B94E773006727E7 /* UpdateViewController.swift in Sources */ = {isa = PBXBuildFile; fileRef = 92464CB11B94E773006727E7 /* UpdateViewController.swift */; };
		92464CB41B950CE9006727E7 /* WebViewController.swift in Sources */ = {isa = PBXBuildFile; fileRef = 92464CB31B950CE9006727E7 /* WebViewController.swift */; };
		92633AD01B939FBE00C4DADD /* Venue.swift in Sources */ = {isa = PBXBuildFile; fileRef = 92633ACF1B939FBE00C4DADD /* Venue.swift */; };
		92633AD21B939FBF00C4DADD /* Event.swift in Sources */ = {isa = PBXBuildFile; fileRef = 92633AD11B939FBF00C4DADD /* Event.swift */; };
		92633AD41B93A1E000C4DADD /* ScheduleItem.swift in Sources */ = {isa = PBXBuildFile; fileRef = 92633AD31B93A1E000C4DADD /* ScheduleItem.swift */; };
		92E0D0141B74FDE9006B587F /* AppDelegate.swift in Sources */ = {isa = PBXBuildFile; fileRef = 92E0D0131B74FDE9006B587F /* AppDelegate.swift */; };
		92E0D0171B74FDE9006B587F /* PTFilmFest.xcdatamodeld in Sources */ = {isa = PBXBuildFile; fileRef = 92E0D0151B74FDE9006B587F /* PTFilmFest.xcdatamodeld */; };
		92E0D0191B74FDE9006B587F /* MasterViewController.swift in Sources */ = {isa = PBXBuildFile; fileRef = 92E0D0181B74FDE9006B587F /* MasterViewController.swift */; };
		92E0D01B1B74FDE9006B587F /* DetailViewController.swift in Sources */ = {isa = PBXBuildFile; fileRef = 92E0D01A1B74FDE9006B587F /* DetailViewController.swift */; };
		92E0D01E1B74FDE9006B587F /* Main.storyboard in Resources */ = {isa = PBXBuildFile; fileRef = 92E0D01C1B74FDE9006B587F /* Main.storyboard */; };
		92E0D0201B74FDE9006B587F /* Images.xcassets in Resources */ = {isa = PBXBuildFile; fileRef = 92E0D01F1B74FDE9006B587F /* Images.xcassets */; };
		92E0D0231B74FDE9006B587F /* LaunchScreen.xib in Resources */ = {isa = PBXBuildFile; fileRef = 92E0D0211B74FDE9006B587F /* LaunchScreen.xib */; };
		92E0D02F1B74FDE9006B587F /* PTFilmFestTests.swift in Sources */ = {isa = PBXBuildFile; fileRef = 92E0D02E1B74FDE9006B587F /* PTFilmFestTests.swift */; };
		92E0D03F1B750380006B587F /* ballad@2x.png in Resources */ = {isa = PBXBuildFile; fileRef = 92E0D0391B750380006B587F /* ballad@2x.png */; };
		92E0D0401B750380006B587F /* ballad_small.png in Resources */ = {isa = PBXBuildFile; fileRef = 92E0D03A1B750380006B587F /* ballad_small.png */; };
		92E0D0411B750380006B587F /* cream@2x.png in Resources */ = {isa = PBXBuildFile; fileRef = 92E0D03B1B750380006B587F /* cream@2x.png */; };
		92E0D0421B750380006B587F /* cream_small.png in Resources */ = {isa = PBXBuildFile; fileRef = 92E0D03C1B750380006B587F /* cream_small.png */; };
		92E0D0431B750380006B587F /* woman@2x.png in Resources */ = {isa = PBXBuildFile; fileRef = 92E0D03D1B750380006B587F /* woman@2x.png */; };
		92E0D0441B750380006B587F /* woman_small.png in Resources */ = {isa = PBXBuildFile; fileRef = 92E0D03E1B750380006B587F /* woman_small.png */; };
		92E0D0491B7503A2006B587F /* Events.json in Resources */ = {isa = PBXBuildFile; fileRef = 92E0D0461B7503A2006B587F /* Events.json */; };
		92E0D04A1B7503A2006B587F /* Items.json in Resources */ = {isa = PBXBuildFile; fileRef = 92E0D0471B7503A2006B587F /* Items.json */; };
		92E0D04B1B7503A2006B587F /* Venues.json in Resources */ = {isa = PBXBuildFile; fileRef = 92E0D0481B7503A2006B587F /* Venues.json */; };
		92E0D0541B7503E5006B587F /* TableViewCell.swift in Sources */ = {isa = PBXBuildFile; fileRef = 92E0D0531B7503E5006B587F /* TableViewCell.swift */; };
		92E0D05D1B754AE3006B587F /* mapGlyph.png in Resources */ = {isa = PBXBuildFile; fileRef = 92E0D05B1B754AE3006B587F /* mapGlyph.png */; };
		92E0D05E1B754AE3006B587F /* mapGlyph@2x.png in Resources */ = {isa = PBXBuildFile; fileRef = 92E0D05C1B754AE3006B587F /* mapGlyph@2x.png */; };
		92E0D0601B795855006B587F /* MapKit.framework in Frameworks */ = {isa = PBXBuildFile; fileRef = 92E0D05F1B795855006B587F /* MapKit.framework */; };
		92E0D0651B7D13F4006B587F /* CircleSpinnerView.m in Sources */ = {isa = PBXBuildFile; fileRef = 92E0D0621B7D13F4006B587F /* CircleSpinnerView.m */; };
		92E0D0661B7D13F4006B587F /* LikeButton.m in Sources */ = {isa = PBXBuildFile; fileRef = 92E0D0641B7D13F4006B587F /* LikeButton.m */; };
/* End PBXBuildFile section */

/* Begin PBXContainerItemProxy section */
		92E0D0291B74FDE9006B587F /* PBXContainerItemProxy */ = {
			isa = PBXContainerItemProxy;
			containerPortal = 92E0D0061B74FDE9006B587F /* Project object */;
			proxyType = 1;
			remoteGlobalIDString = 92E0D00D1B74FDE9006B587F;
			remoteInfo = PTFilmFest;
		};
/* End PBXContainerItemProxy section */

/* Begin PBXFileReference section */
		92464CAB1B94BF86006727E7 /* DataSource.swift */ = {isa = PBXFileReference; fileEncoding = 4; lastKnownFileType = sourcecode.swift; path = DataSource.swift; sourceTree = "<group>"; };
		92464CAF1B94E418006727E7 /* Born_to_the_West_(1937)_1.jpg */ = {isa = PBXFileReference; lastKnownFileType = image.jpeg; path = "Born_to_the_West_(1937)_1.jpg"; sourceTree = "<group>"; };
		92464CB11B94E773006727E7 /* UpdateViewController.swift */ = {isa = PBXFileReference; fileEncoding = 4; lastKnownFileType = sourcecode.swift; path = UpdateViewController.swift; sourceTree = "<group>"; };
		92464CB31B950CE9006727E7 /* WebViewController.swift */ = {isa = PBXFileReference; fileEncoding = 4; lastKnownFileType = sourcecode.swift; path = WebViewController.swift; sourceTree = "<group>"; };
		92633ACF1B939FBE00C4DADD /* Venue.swift */ = {isa = PBXFileReference; fileEncoding = 4; lastKnownFileType = sourcecode.swift; path = Venue.swift; sourceTree = "<group>"; };
		92633AD11B939FBF00C4DADD /* Event.swift */ = {isa = PBXFileReference; fileEncoding = 4; lastKnownFileType = sourcecode.swift; path = Event.swift; sourceTree = "<group>"; };
		92633AD31B93A1E000C4DADD /* ScheduleItem.swift */ = {isa = PBXFileReference; fileEncoding = 4; lastKnownFileType = sourcecode.swift; path = ScheduleItem.swift; sourceTree = "<group>"; };
		92E0D00E1B74FDE9006B587F /* PTFilmFest.app */ = {isa = PBXFileReference; explicitFileType = wrapper.application; includeInIndex = 0; path = PTFilmFest.app; sourceTree = BUILT_PRODUCTS_DIR; };
		92E0D0121B74FDE9006B587F /* Info.plist */ = {isa = PBXFileReference; lastKnownFileType = text.plist.xml; path = Info.plist; sourceTree = "<group>"; };
		92E0D0131B74FDE9006B587F /* AppDelegate.swift */ = {isa = PBXFileReference; lastKnownFileType = sourcecode.swift; path = AppDelegate.swift; sourceTree = "<group>"; };
		92E0D0161B74FDE9006B587F /* PTFilmFest.xcdatamodel */ = {isa = PBXFileReference; lastKnownFileType = wrapper.xcdatamodel; path = PTFilmFest.xcdatamodel; sourceTree = "<group>"; };
		92E0D0181B74FDE9006B587F /* MasterViewController.swift */ = {isa = PBXFileReference; lastKnownFileType = sourcecode.swift; path = MasterViewController.swift; sourceTree = "<group>"; };
		92E0D01A1B74FDE9006B587F /* DetailViewController.swift */ = {isa = PBXFileReference; lastKnownFileType = sourcecode.swift; path = DetailViewController.swift; sourceTree = "<group>"; };
		92E0D01D1B74FDE9006B587F /* Base */ = {isa = PBXFileReference; lastKnownFileType = file.storyboard; name = Base; path = Base.lproj/Main.storyboard; sourceTree = "<group>"; };
		92E0D01F1B74FDE9006B587F /* Images.xcassets */ = {isa = PBXFileReference; lastKnownFileType = folder.assetcatalog; path = Images.xcassets; sourceTree = "<group>"; };
		92E0D0221B74FDE9006B587F /* Base */ = {isa = PBXFileReference; lastKnownFileType = file.xib; name = Base; path = Base.lproj/LaunchScreen.xib; sourceTree = "<group>"; };
		92E0D0281B74FDE9006B587F /* PTFilmFestTests.xctest */ = {isa = PBXFileReference; explicitFileType = wrapper.cfbundle; includeInIndex = 0; path = PTFilmFestTests.xctest; sourceTree = BUILT_PRODUCTS_DIR; };
		92E0D02D1B74FDE9006B587F /* Info.plist */ = {isa = PBXFileReference; lastKnownFileType = text.plist.xml; path = Info.plist; sourceTree = "<group>"; };
		92E0D02E1B74FDE9006B587F /* PTFilmFestTests.swift */ = {isa = PBXFileReference; lastKnownFileType = sourcecode.swift; path = PTFilmFestTests.swift; sourceTree = "<group>"; };
		92E0D0391B750380006B587F /* ballad@2x.png */ = {isa = PBXFileReference; lastKnownFileType = image.png; path = "ballad@2x.png"; sourceTree = "<group>"; };
		92E0D03A1B750380006B587F /* ballad_small.png */ = {isa = PBXFileReference; lastKnownFileType = image.png; path = ballad_small.png; sourceTree = "<group>"; };
		92E0D03B1B750380006B587F /* cream@2x.png */ = {isa = PBXFileReference; lastKnownFileType = image.png; path = "cream@2x.png"; sourceTree = "<group>"; };
		92E0D03C1B750380006B587F /* cream_small.png */ = {isa = PBXFileReference; lastKnownFileType = image.png; path = cream_small.png; sourceTree = "<group>"; };
		92E0D03D1B750380006B587F /* woman@2x.png */ = {isa = PBXFileReference; lastKnownFileType = image.png; path = "woman@2x.png"; sourceTree = "<group>"; };
		92E0D03E1B750380006B587F /* woman_small.png */ = {isa = PBXFileReference; lastKnownFileType = image.png; path = woman_small.png; sourceTree = "<group>"; };
		92E0D0461B7503A2006B587F /* Events.json */ = {isa = PBXFileReference; fileEncoding = 4; lastKnownFileType = text.json; path = Events.json; sourceTree = "<group>"; };
		92E0D0471B7503A2006B587F /* Items.json */ = {isa = PBXFileReference; fileEncoding = 4; lastKnownFileType = text.json; path = Items.json; sourceTree = "<group>"; };
		92E0D0481B7503A2006B587F /* Venues.json */ = {isa = PBXFileReference; fileEncoding = 4; lastKnownFileType = text.json; path = Venues.json; sourceTree = "<group>"; };
		92E0D0531B7503E5006B587F /* TableViewCell.swift */ = {isa = PBXFileReference; fileEncoding = 4; lastKnownFileType = sourcecode.swift; path = TableViewCell.swift; sourceTree = "<group>"; };
		92E0D05B1B754AE3006B587F /* mapGlyph.png */ = {isa = PBXFileReference; lastKnownFileType = image.png; path = mapGlyph.png; sourceTree = "<group>"; };
		92E0D05C1B754AE3006B587F /* mapGlyph@2x.png */ = {isa = PBXFileReference; lastKnownFileType = image.png; path = "mapGlyph@2x.png"; sourceTree = "<group>"; };
		92E0D05F1B795855006B587F /* MapKit.framework */ = {isa = PBXFileReference; lastKnownFileType = wrapper.framework; name = MapKit.framework; path = System/Library/Frameworks/MapKit.framework; sourceTree = SDKROOT; };
		92E0D0611B7D13F4006B587F /* CircleSpinnerView.h */ = {isa = PBXFileReference; fileEncoding = 4; lastKnownFileType = sourcecode.c.h; path = CircleSpinnerView.h; sourceTree = "<group>"; };
		92E0D0621B7D13F4006B587F /* CircleSpinnerView.m */ = {isa = PBXFileReference; fileEncoding = 4; lastKnownFileType = sourcecode.c.objc; path = CircleSpinnerView.m; sourceTree = "<group>"; };
		92E0D0631B7D13F4006B587F /* LikeButton.h */ = {isa = PBXFileReference; fileEncoding = 4; lastKnownFileType = sourcecode.c.h; path = LikeButton.h; sourceTree = "<group>"; };
		92E0D0641B7D13F4006B587F /* LikeButton.m */ = {isa = PBXFileReference; fileEncoding = 4; lastKnownFileType = sourcecode.c.objc; path = LikeButton.m; sourceTree = "<group>"; };
		92E0D0701B7D191B006B587F /* PTFilmFest_Bridging_Header.h */ = {isa = PBXFileReference; lastKnownFileType = sourcecode.c.h; path = PTFilmFest_Bridging_Header.h; sourceTree = "<group>"; };
/* End PBXFileReference section */

/* Begin PBXFrameworksBuildPhase section */
		92E0D00B1B74FDE9006B587F /* Frameworks */ = {
			isa = PBXFrameworksBuildPhase;
			buildActionMask = 2147483647;
			files = (
				92E0D0601B795855006B587F /* MapKit.framework in Frameworks */,
			);
			runOnlyForDeploymentPostprocessing = 0;
		};
		92E0D0251B74FDE9006B587F /* Frameworks */ = {
			isa = PBXFrameworksBuildPhase;
			buildActionMask = 2147483647;
			files = (
			);
			runOnlyForDeploymentPostprocessing = 0;
		};
/* End PBXFrameworksBuildPhase section */

/* Begin PBXGroup section */
		92E0D0051B74FDE9006B587F = {
			isa = PBXGroup;
			children = (
				92E0D0101B74FDE9006B587F /* PTFilmFest */,
				92E0D05F1B795855006B587F /* MapKit.framework */,
				92E0D02B1B74FDE9006B587F /* PTFilmFestTests */,
				92E0D00F1B74FDE9006B587F /* Products */,
			);
			sourceTree = "<group>";
		};
		92E0D00F1B74FDE9006B587F /* Products */ = {
			isa = PBXGroup;
			children = (
				92E0D00E1B74FDE9006B587F /* PTFilmFest.app */,
				92E0D0281B74FDE9006B587F /* PTFilmFestTests.xctest */,
			);
			name = Products;
			sourceTree = "<group>";
		};
		92E0D0101B74FDE9006B587F /* PTFilmFest */ = {
			isa = PBXGroup;
			children = (
				92E0D06F1B7D18F0006B587F /* Objective-C */,
				92E0D0131B74FDE9006B587F /* AppDelegate.swift */,
				92E0D0181B74FDE9006B587F /* MasterViewController.swift */,
				92464CAB1B94BF86006727E7 /* DataSource.swift */,
				92E0D01A1B74FDE9006B587F /* DetailViewController.swift */,
				92464CB11B94E773006727E7 /* UpdateViewController.swift */,
				92464CB31B950CE9006727E7 /* WebViewController.swift */,
				92E0D0531B7503E5006B587F /* TableViewCell.swift */,
				92E0D04C1B7503B1006B587F /* Model */,
				92E0D0451B7503A2006B587F /* JSONData */,
				92E0D0551B754A06006B587F /* Images */,
				92E0D0381B750380006B587F /* EventImages */,
				92E0D0211B74FDE9006B587F /* LaunchScreen.xib */,
				92E0D0151B74FDE9006B587F /* PTFilmFest.xcdatamodeld */,
				92E0D01C1B74FDE9006B587F /* Main.storyboard */,
				92E0D01F1B74FDE9006B587F /* Images.xcassets */,
				92E0D0111B74FDE9006B587F /* Supporting Files */,
			);
			path = PTFilmFest;
			sourceTree = "<group>";
		};
		92E0D0111B74FDE9006B587F /* Supporting Files */ = {
			isa = PBXGroup;
			children = (
				92E0D0121B74FDE9006B587F /* Info.plist */,
			);
			name = "Supporting Files";
			sourceTree = "<group>";
		};
		92E0D02B1B74FDE9006B587F /* PTFilmFestTests */ = {
			isa = PBXGroup;
			children = (
				92E0D02E1B74FDE9006B587F /* PTFilmFestTests.swift */,
				92E0D02C1B74FDE9006B587F /* Supporting Files */,
			);
			path = PTFilmFestTests;
			sourceTree = "<group>";
		};
		92E0D02C1B74FDE9006B587F /* Supporting Files */ = {
			isa = PBXGroup;
			children = (
				92E0D02D1B74FDE9006B587F /* Info.plist */,
			);
			name = "Supporting Files";
			sourceTree = "<group>";
		};
		92E0D0381B750380006B587F /* EventImages */ = {
			isa = PBXGroup;
			children = (
				92E0D0391B750380006B587F /* ballad@2x.png */,
				92E0D03A1B750380006B587F /* ballad_small.png */,
				92E0D03B1B750380006B587F /* cream@2x.png */,
				92E0D03C1B750380006B587F /* cream_small.png */,
				92E0D03D1B750380006B587F /* woman@2x.png */,
				92E0D03E1B750380006B587F /* woman_small.png */,
			);
			path = EventImages;
			sourceTree = "<group>";
		};
		92E0D0451B7503A2006B587F /* JSONData */ = {
			isa = PBXGroup;
			children = (
				92E0D0461B7503A2006B587F /* Events.json */,
				92E0D0471B7503A2006B587F /* Items.json */,
				92E0D0481B7503A2006B587F /* Venues.json */,
			);
			path = JSONData;
			sourceTree = "<group>";
		};
		92E0D04C1B7503B1006B587F /* Model */ = {
			isa = PBXGroup;
			children = (
				92633AD31B93A1E000C4DADD /* ScheduleItem.swift */,
				92633AD11B939FBF00C4DADD /* Event.swift */,
				92633ACF1B939FBE00C4DADD /* Venue.swift */,
			);
			path = Model;
			sourceTree = "<group>";
		};
		92E0D0551B754A06006B587F /* Images */ = {
			isa = PBXGroup;
			children = (
				92464CAF1B94E418006727E7 /* Born_to_the_West_(1937)_1.jpg */,
				92E0D05B1B754AE3006B587F /* mapGlyph.png */,
				92E0D05C1B754AE3006B587F /* mapGlyph@2x.png */,
			);
			name = Images;
			sourceTree = "<group>";
		};
		92E0D06F1B7D18F0006B587F /* Objective-C */ = {
			isa = PBXGroup;
			children = (
				92E0D0611B7D13F4006B587F /* CircleSpinnerView.h */,
				92E0D0621B7D13F4006B587F /* CircleSpinnerView.m */,
				92E0D0631B7D13F4006B587F /* LikeButton.h */,
				92E0D0641B7D13F4006B587F /* LikeButton.m */,
				92E0D0701B7D191B006B587F /* PTFilmFest_Bridging_Header.h */,
			);
			name = "Objective-C";
			sourceTree = "<group>";
		};
/* End PBXGroup section */

/* Begin PBXNativeTarget section */
		92E0D00D1B74FDE9006B587F /* PTFilmFest */ = {
			isa = PBXNativeTarget;
			buildConfigurationList = 92E0D0321B74FDE9006B587F /* Build configuration list for PBXNativeTarget "PTFilmFest" */;
			buildPhases = (
				92E0D00A1B74FDE9006B587F /* Sources */,
				92E0D00B1B74FDE9006B587F /* Frameworks */,
				92E0D00C1B74FDE9006B587F /* Resources */,
			);
			buildRules = (
			);
			dependencies = (
			);
			name = PTFilmFest;
			productName = PTFilmFest;
			productReference = 92E0D00E1B74FDE9006B587F /* PTFilmFest.app */;
			productType = "com.apple.product-type.application";
		};
		92E0D0271B74FDE9006B587F /* PTFilmFestTests */ = {
			isa = PBXNativeTarget;
			buildConfigurationList = 92E0D0351B74FDE9006B587F /* Build configuration list for PBXNativeTarget "PTFilmFestTests" */;
			buildPhases = (
				92E0D0241B74FDE9006B587F /* Sources */,
				92E0D0251B74FDE9006B587F /* Frameworks */,
				92E0D0261B74FDE9006B587F /* Resources */,
			);
			buildRules = (
			);
			dependencies = (
				92E0D02A1B74FDE9006B587F /* PBXTargetDependency */,
			);
			name = PTFilmFestTests;
			productName = PTFilmFestTests;
			productReference = 92E0D0281B74FDE9006B587F /* PTFilmFestTests.xctest */;
			productType = "com.apple.product-type.bundle.unit-test";
		};
/* End PBXNativeTarget section */

/* Begin PBXProject section */
		92E0D0061B74FDE9006B587F /* Project object */ = {
			isa = PBXProject;
			attributes = {
				LastUpgradeCheck = 0640;
				ORGANIZATIONNAME = "Steve Schauer";
				TargetAttributes = {
					92E0D00D1B74FDE9006B587F = {
						CreatedOnToolsVersion = 6.4;
						DevelopmentTeam = 9B2LMG3NN7;
						SystemCapabilities = {
							com.apple.Maps.iOS = {
								enabled = 1;
							};
						};
					};
					92E0D0271B74FDE9006B587F = {
						CreatedOnToolsVersion = 6.4;
						TestTargetID = 92E0D00D1B74FDE9006B587F;
					};
				};
			};
			buildConfigurationList = 92E0D0091B74FDE9006B587F /* Build configuration list for PBXProject "PTFilmFest" */;
			compatibilityVersion = "Xcode 3.2";
			developmentRegion = English;
			hasScannedForEncodings = 0;
			knownRegions = (
				en,
				Base,
			);
			mainGroup = 92E0D0051B74FDE9006B587F;
			productRefGroup = 92E0D00F1B74FDE9006B587F /* Products */;
			projectDirPath = "";
			projectRoot = "";
			targets = (
				92E0D00D1B74FDE9006B587F /* PTFilmFest */,
				92E0D0271B74FDE9006B587F /* PTFilmFestTests */,
			);
		};
/* End PBXProject section */

/* Begin PBXResourcesBuildPhase section */
		92E0D00C1B74FDE9006B587F /* Resources */ = {
			isa = PBXResourcesBuildPhase;
			buildActionMask = 2147483647;
			files = (
				92E0D0421B750380006B587F /* cream_small.png in Resources */,
				92464CB01B94E418006727E7 /* Born_to_the_West_(1937)_1.jpg in Resources */,
				92E0D05D1B754AE3006B587F /* mapGlyph.png in Resources */,
				92E0D04B1B7503A2006B587F /* Venues.json in Resources */,
				92E0D01E1B74FDE9006B587F /* Main.storyboard in Resources */,
				92E0D05E1B754AE3006B587F /* mapGlyph@2x.png in Resources */,
				92E0D0491B7503A2006B587F /* Events.json in Resources */,
				92E0D0411B750380006B587F /* cream@2x.png in Resources */,
				92E0D0431B750380006B587F /* woman@2x.png in Resources */,
				92E0D0231B74FDE9006B587F /* LaunchScreen.xib in Resources */,
				92E0D0401B750380006B587F /* ballad_small.png in Resources */,
				92E0D03F1B750380006B587F /* ballad@2x.png in Resources */,
				92E0D04A1B7503A2006B587F /* Items.json in Resources */,
				92E0D0201B74FDE9006B587F /* Images.xcassets in Resources */,
				92E0D0441B750380006B587F /* woman_small.png in Resources */,
			);
			runOnlyForDeploymentPostprocessing = 0;
		};
		92E0D0261B74FDE9006B587F /* Resources */ = {
			isa = PBXResourcesBuildPhase;
			buildActionMask = 2147483647;
			files = (
			);
			runOnlyForDeploymentPostprocessing = 0;
		};
/* End PBXResourcesBuildPhase section */

/* Begin PBXSourcesBuildPhase section */
		92E0D00A1B74FDE9006B587F /* Sources */ = {
			isa = PBXSourcesBuildPhase;
			buildActionMask = 2147483647;
			files = (
				92E0D0141B74FDE9006B587F /* AppDelegate.swift in Sources */,
				92E0D0541B7503E5006B587F /* TableViewCell.swift in Sources */,
				92E0D0171B74FDE9006B587F /* PTFilmFest.xcdatamodeld in Sources */,
				92633AD41B93A1E000C4DADD /* ScheduleItem.swift in Sources */,
				92E0D0191B74FDE9006B587F /* MasterViewController.swift in Sources */,
				92633AD21B939FBF00C4DADD /* Event.swift in Sources */,
				92633AD01B939FBE00C4DADD /* Venue.swift in Sources */,
				92E0D0651B7D13F4006B587F /* CircleSpinnerView.m in Sources */,
				92E0D0661B7D13F4006B587F /* LikeButton.m in Sources */,
				92464CAC1B94BF86006727E7 /* DataSource.swift in Sources */,
				92E0D01B1B74FDE9006B587F /* DetailViewController.swift in Sources */,
				92464CB41B950CE9006727E7 /* WebViewController.swift in Sources */,
				92464CB21B94E773006727E7 /* UpdateViewController.swift in Sources */,
			);
			runOnlyForDeploymentPostprocessing = 0;
		};
		92E0D0241B74FDE9006B587F /* Sources */ = {
			isa = PBXSourcesBuildPhase;
			buildActionMask = 2147483647;
			files = (
				92E0D02F1B74FDE9006B587F /* PTFilmFestTests.swift in Sources */,
			);
			runOnlyForDeploymentPostprocessing = 0;
		};
/* End PBXSourcesBuildPhase section */

/* Begin PBXTargetDependency section */
		92E0D02A1B74FDE9006B587F /* PBXTargetDependency */ = {
			isa = PBXTargetDependency;
			target = 92E0D00D1B74FDE9006B587F /* PTFilmFest */;
			targetProxy = 92E0D0291B74FDE9006B587F /* PBXContainerItemProxy */;
		};
/* End PBXTargetDependency section */

/* Begin PBXVariantGroup section */
		92E0D01C1B74FDE9006B587F /* Main.storyboard */ = {
			isa = PBXVariantGroup;
			children = (
				92E0D01D1B74FDE9006B587F /* Base */,
			);
			name = Main.storyboard;
			sourceTree = "<group>";
		};
		92E0D0211B74FDE9006B587F /* LaunchScreen.xib */ = {
			isa = PBXVariantGroup;
			children = (
				92E0D0221B74FDE9006B587F /* Base */,
			);
			name = LaunchScreen.xib;
			sourceTree = "<group>";
		};
/* End PBXVariantGroup section */

/* Begin XCBuildConfiguration section */
		92E0D0301B74FDE9006B587F /* Debug */ = {
			isa = XCBuildConfiguration;
			buildSettings = {
				ALWAYS_SEARCH_USER_PATHS = NO;
				CLANG_CXX_LANGUAGE_STANDARD = "gnu++0x";
				CLANG_CXX_LIBRARY = "libc++";
				CLANG_ENABLE_MODULES = YES;
				CLANG_ENABLE_OBJC_ARC = YES;
				CLANG_WARN_BOOL_CONVERSION = YES;
				CLANG_WARN_CONSTANT_CONVERSION = YES;
				CLANG_WARN_DIRECT_OBJC_ISA_USAGE = YES_ERROR;
				CLANG_WARN_EMPTY_BODY = YES;
				CLANG_WARN_ENUM_CONVERSION = YES;
				CLANG_WARN_INT_CONVERSION = YES;
				CLANG_WARN_OBJC_ROOT_CLASS = YES_ERROR;
				CLANG_WARN_UNREACHABLE_CODE = YES;
				CLANG_WARN__DUPLICATE_METHOD_MATCH = YES;
				"CODE_SIGN_IDENTITY[sdk=iphoneos*]" = "iPhone Developer";
				COPY_PHASE_STRIP = NO;
				DEBUG_INFORMATION_FORMAT = "dwarf-with-dsym";
				ENABLE_STRICT_OBJC_MSGSEND = YES;
				GCC_C_LANGUAGE_STANDARD = gnu99;
				GCC_DYNAMIC_NO_PIC = NO;
				GCC_NO_COMMON_BLOCKS = YES;
				GCC_OPTIMIZATION_LEVEL = 0;
				GCC_PREPROCESSOR_DEFINITIONS = (
					"DEBUG=1",
					"$(inherited)",
				);
				GCC_SYMBOLS_PRIVATE_EXTERN = NO;
				GCC_WARN_64_TO_32_BIT_CONVERSION = YES;
				GCC_WARN_ABOUT_RETURN_TYPE = YES_ERROR;
				GCC_WARN_UNDECLARED_SELECTOR = YES;
				GCC_WARN_UNINITIALIZED_AUTOS = YES_AGGRESSIVE;
				GCC_WARN_UNUSED_FUNCTION = YES;
				GCC_WARN_UNUSED_VARIABLE = YES;
				IPHONEOS_DEPLOYMENT_TARGET = 8.4;
				MTL_ENABLE_DEBUG_INFO = YES;
				ONLY_ACTIVE_ARCH = YES;
				SDKROOT = iphoneos;
				SWIFT_OPTIMIZATION_LEVEL = "-Onone";
				TARGETED_DEVICE_FAMILY = "1,2";
			};
			name = Debug;
		};
		92E0D0311B74FDE9006B587F /* Release */ = {
			isa = XCBuildConfiguration;
			buildSettings = {
				ALWAYS_SEARCH_USER_PATHS = NO;
				CLANG_CXX_LANGUAGE_STANDARD = "gnu++0x";
				CLANG_CXX_LIBRARY = "libc++";
				CLANG_ENABLE_MODULES = YES;
				CLANG_ENABLE_OBJC_ARC = YES;
				CLANG_WARN_BOOL_CONVERSION = YES;
				CLANG_WARN_CONSTANT_CONVERSION = YES;
				CLANG_WARN_DIRECT_OBJC_ISA_USAGE = YES_ERROR;
				CLANG_WARN_EMPTY_BODY = YES;
				CLANG_WARN_ENUM_CONVERSION = YES;
				CLANG_WARN_INT_CONVERSION = YES;
				CLANG_WARN_OBJC_ROOT_CLASS = YES_ERROR;
				CLANG_WARN_UNREACHABLE_CODE = YES;
				CLANG_WARN__DUPLICATE_METHOD_MATCH = YES;
				"CODE_SIGN_IDENTITY[sdk=iphoneos*]" = "iPhone Developer";
				COPY_PHASE_STRIP = NO;
				DEBUG_INFORMATION_FORMAT = "dwarf-with-dsym";
				ENABLE_NS_ASSERTIONS = NO;
				ENABLE_STRICT_OBJC_MSGSEND = YES;
				GCC_C_LANGUAGE_STANDARD = gnu99;
				GCC_NO_COMMON_BLOCKS = YES;
				GCC_WARN_64_TO_32_BIT_CONVERSION = YES;
				GCC_WARN_ABOUT_RETURN_TYPE = YES_ERROR;
				GCC_WARN_UNDECLARED_SELECTOR = YES;
				GCC_WARN_UNINITIALIZED_AUTOS = YES_AGGRESSIVE;
				GCC_WARN_UNUSED_FUNCTION = YES;
				GCC_WARN_UNUSED_VARIABLE = YES;
				IPHONEOS_DEPLOYMENT_TARGET = 8.4;
				MTL_ENABLE_DEBUG_INFO = NO;
				SDKROOT = iphoneos;
				TARGETED_DEVICE_FAMILY = "1,2";
				VALIDATE_PRODUCT = YES;
			};
			name = Release;
		};
		92E0D0331B74FDE9006B587F /* Debug */ = {
			isa = XCBuildConfiguration;
			buildSettings = {
				ASSETCATALOG_COMPILER_APPICON_NAME = AppIcon;
				CODE_SIGN_IDENTITY = "iPhone Developer";
				INFOPLIST_FILE = PTFilmFest/Info.plist;
				LD_RUNPATH_SEARCH_PATHS = "$(inherited) @executable_path/Frameworks";
				PRODUCT_NAME = "$(TARGET_NAME)";
				SWIFT_OBJC_BRIDGING_HEADER = PTFilmFest/PTFilmFest_Bridging_Header.h;
			};
			name = Debug;
		};
		92E0D0341B74FDE9006B587F /* Release */ = {
			isa = XCBuildConfiguration;
			buildSettings = {
				ASSETCATALOG_COMPILER_APPICON_NAME = AppIcon;
				CODE_SIGN_IDENTITY = "iPhone Developer";
				INFOPLIST_FILE = PTFilmFest/Info.plist;
				LD_RUNPATH_SEARCH_PATHS = "$(inherited) @executable_path/Frameworks";
				PRODUCT_NAME = "$(TARGET_NAME)";
				SWIFT_OBJC_BRIDGING_HEADER = PTFilmFest/PTFilmFest_Bridging_Header.h;
			};
			name = Release;
		};
		92E0D0361B74FDE9006B587F /* Debug */ = {
			isa = XCBuildConfiguration;
			buildSettings = {
				BUNDLE_LOADER = "$(TEST_HOST)";
				FRAMEWORK_SEARCH_PATHS = (
					"$(SDKROOT)/Developer/Library/Frameworks",
					"$(inherited)",
				);
				GCC_PREPROCESSOR_DEFINITIONS = (
					"DEBUG=1",
					"$(inherited)",
				);
				INFOPLIST_FILE = PTFilmFestTests/Info.plist;
				LD_RUNPATH_SEARCH_PATHS = "$(inherited) @executable_path/Frameworks @loader_path/Frameworks";
				PRODUCT_NAME = "$(TARGET_NAME)";
				TEST_HOST = "$(BUILT_PRODUCTS_DIR)/PTFilmFest.app/PTFilmFest";
			};
			name = Debug;
		};
		92E0D0371B74FDE9006B587F /* Release */ = {
			isa = XCBuildConfiguration;
			buildSettings = {
				BUNDLE_LOADER = "$(TEST_HOST)";
				FRAMEWORK_SEARCH_PATHS = (
					"$(SDKROOT)/Developer/Library/Frameworks",
					"$(inherited)",
				);
				INFOPLIST_FILE = PTFilmFestTests/Info.plist;
				LD_RUNPATH_SEARCH_PATHS = "$(inherited) @executable_path/Frameworks @loader_path/Frameworks";
				PRODUCT_NAME = "$(TARGET_NAME)";
				TEST_HOST = "$(BUILT_PRODUCTS_DIR)/PTFilmFest.app/PTFilmFest";
			};
			name = Release;
		};
/* End XCBuildConfiguration section */

/* Begin XCConfigurationList section */
		92E0D0091B74FDE9006B587F /* Build configuration list for PBXProject "PTFilmFest" */ = {
			isa = XCConfigurationList;
			buildConfigurations = (
				92E0D0301B74FDE9006B587F /* Debug */,
				92E0D0311B74FDE9006B587F /* Release */,
			);
			defaultConfigurationIsVisible = 0;
			defaultConfigurationName = Release;
		};
		92E0D0321B74FDE9006B587F /* Build configuration list for PBXNativeTarget "PTFilmFest" */ = {
			isa = XCConfigurationList;
			buildConfigurations = (
				92E0D0331B74FDE9006B587F /* Debug */,
				92E0D0341B74FDE9006B587F /* Release */,
			);
			defaultConfigurationIsVisible = 0;
			defaultConfigurationName = Release;
		};
		92E0D0351B74FDE9006B587F /* Build configuration list for PBXNativeTarget "PTFilmFestTests" */ = {
			isa = XCConfigurationList;
			buildConfigurations = (
				92E0D0361B74FDE9006B587F /* Debug */,
				92E0D0371B74FDE9006B587F /* Release */,
			);
			defaultConfigurationIsVisible = 0;
			defaultConfigurationName = Release;
		};
/* End XCConfigurationList section */

/* Begin XCVersionGroup section */
		92E0D0151B74FDE9006B587F /* PTFilmFest.xcdatamodeld */ = {
			isa = XCVersionGroup;
			children = (
				92E0D0161B74FDE9006B587F /* PTFilmFest.xcdatamodel */,
			);
			currentVersion = 92E0D0161B74FDE9006B587F /* PTFilmFest.xcdatamodel */;
			path = PTFilmFest.xcdatamodeld;
			sourceTree = "<group>";
			versionGroupType = wrapper.xcdatamodel;
		};
/* End XCVersionGroup section */
	};
	rootObject = 92E0D0061B74FDE9006B587F /* Project object */;
}
