// !$*UTF8*$!
{
	archiveVersion = 1;
	classes = {
	};
	objectVersion = 46;
	objects = {

/* Begin PBXBuildFile section */
		924FCFF21B4B3B2900979718 /* TableViewCell.swift in Sources */ = {isa = PBXBuildFile; fileRef = 924FCFF11B4B3B2900979718 /* TableViewCell.swift */; };
		928F39B71B444DE800D6A403 /* ballad_small.png in Resources */ = {isa = PBXBuildFile; fileRef = 928F39B11B444DE800D6A403 /* ballad_small.png */; };
		928F39B81B444DE800D6A403 /* ballad@2x.png in Resources */ = {isa = PBXBuildFile; fileRef = 928F39B21B444DE800D6A403 /* ballad@2x.png */; };
		928F39B91B444DE800D6A403 /* cream_small.png in Resources */ = {isa = PBXBuildFile; fileRef = 928F39B31B444DE800D6A403 /* cream_small.png */; };
		928F39BA1B444DE800D6A403 /* cream@2x.png in Resources */ = {isa = PBXBuildFile; fileRef = 928F39B41B444DE800D6A403 /* cream@2x.png */; };
		928F39BB1B444DE800D6A403 /* woman_small.png in Resources */ = {isa = PBXBuildFile; fileRef = 928F39B51B444DE800D6A403 /* woman_small.png */; };
		928F39BC1B444DE800D6A403 /* woman@2x.png in Resources */ = {isa = PBXBuildFile; fileRef = 928F39B61B444DE800D6A403 /* woman@2x.png */; };
		9291E5DB1B41E69E0070169B /* AppDelegate.swift in Sources */ = {isa = PBXBuildFile; fileRef = 9291E5DA1B41E69E0070169B /* AppDelegate.swift */; };
		9291E5DE1B41E69E0070169B /* PTFilmFest.xcdatamodeld in Sources */ = {isa = PBXBuildFile; fileRef = 9291E5DC1B41E69E0070169B /* PTFilmFest.xcdatamodeld */; };
		9291E5E01B41E69E0070169B /* MasterViewController.swift in Sources */ = {isa = PBXBuildFile; fileRef = 9291E5DF1B41E69E0070169B /* MasterViewController.swift */; };
		9291E5E21B41E69E0070169B /* DetailViewController.swift in Sources */ = {isa = PBXBuildFile; fileRef = 9291E5E11B41E69E0070169B /* DetailViewController.swift */; };
		9291E5E51B41E69E0070169B /* Main.storyboard in Resources */ = {isa = PBXBuildFile; fileRef = 9291E5E31B41E69E0070169B /* Main.storyboard */; };
		9291E5E71B41E69E0070169B /* Images.xcassets in Resources */ = {isa = PBXBuildFile; fileRef = 9291E5E61B41E69E0070169B /* Images.xcassets */; };
		9291E5EA1B41E69E0070169B /* LaunchScreen.xib in Resources */ = {isa = PBXBuildFile; fileRef = 9291E5E81B41E69E0070169B /* LaunchScreen.xib */; };
		9291E5F61B41E69E0070169B /* PTFilmFestTests.swift in Sources */ = {isa = PBXBuildFile; fileRef = 9291E5F51B41E69E0070169B /* PTFilmFestTests.swift */; };
		9291E6021B41F75E0070169B /* Venue.swift in Sources */ = {isa = PBXBuildFile; fileRef = 9291E5FF1B41F75E0070169B /* Venue.swift */; };
		9291E6031B41F75E0070169B /* Event.swift in Sources */ = {isa = PBXBuildFile; fileRef = 9291E6001B41F75E0070169B /* Event.swift */; };
		9291E6041B41F75E0070169B /* ScheduleItem.swift in Sources */ = {isa = PBXBuildFile; fileRef = 9291E6011B41F75E0070169B /* ScheduleItem.swift */; };
/* End PBXBuildFile section */

/* Begin PBXContainerItemProxy section */
		9291E5F01B41E69E0070169B /* PBXContainerItemProxy */ = {
			isa = PBXContainerItemProxy;
			containerPortal = 9291E5CD1B41E69E0070169B /* Project object */;
			proxyType = 1;
			remoteGlobalIDString = 9291E5D41B41E69E0070169B;
			remoteInfo = PTFilmFest;
		};
/* End PBXContainerItemProxy section */

/* Begin PBXFileReference section */
		924FCFF11B4B3B2900979718 /* TableViewCell.swift */ = {isa = PBXFileReference; fileEncoding = 4; lastKnownFileType = sourcecode.swift; path = TableViewCell.swift; sourceTree = "<group>"; };
		928F39B11B444DE800D6A403 /* ballad_small.png */ = {isa = PBXFileReference; lastKnownFileType = image.png; path = ballad_small.png; sourceTree = "<group>"; };
		928F39B21B444DE800D6A403 /* ballad@2x.png */ = {isa = PBXFileReference; lastKnownFileType = image.png; path = "ballad@2x.png"; sourceTree = "<group>"; };
		928F39B31B444DE800D6A403 /* cream_small.png */ = {isa = PBXFileReference; lastKnownFileType = image.png; path = cream_small.png; sourceTree = "<group>"; };
		928F39B41B444DE800D6A403 /* cream@2x.png */ = {isa = PBXFileReference; lastKnownFileType = image.png; path = "cream@2x.png"; sourceTree = "<group>"; };
		928F39B51B444DE800D6A403 /* woman_small.png */ = {isa = PBXFileReference; lastKnownFileType = image.png; path = woman_small.png; sourceTree = "<group>"; };
		928F39B61B444DE800D6A403 /* woman@2x.png */ = {isa = PBXFileReference; lastKnownFileType = image.png; path = "woman@2x.png"; sourceTree = "<group>"; };
		9291E5D51B41E69E0070169B /* PTFilmFest.app */ = {isa = PBXFileReference; explicitFileType = wrapper.application; includeInIndex = 0; path = PTFilmFest.app; sourceTree = BUILT_PRODUCTS_DIR; };
		9291E5D91B41E69E0070169B /* Info.plist */ = {isa = PBXFileReference; lastKnownFileType = text.plist.xml; path = Info.plist; sourceTree = "<group>"; };
		9291E5DA1B41E69E0070169B /* AppDelegate.swift */ = {isa = PBXFileReference; lastKnownFileType = sourcecode.swift; path = AppDelegate.swift; sourceTree = "<group>"; };
		9291E5DD1B41E69E0070169B /* PTFilmFest.xcdatamodel */ = {isa = PBXFileReference; lastKnownFileType = wrapper.xcdatamodel; path = PTFilmFest.xcdatamodel; sourceTree = "<group>"; };
		9291E5DF1B41E69E0070169B /* MasterViewController.swift */ = {isa = PBXFileReference; lastKnownFileType = sourcecode.swift; path = MasterViewController.swift; sourceTree = "<group>"; };
		9291E5E11B41E69E0070169B /* DetailViewController.swift */ = {isa = PBXFileReference; lastKnownFileType = sourcecode.swift; path = DetailViewController.swift; sourceTree = "<group>"; };
		9291E5E41B41E69E0070169B /* Base */ = {isa = PBXFileReference; lastKnownFileType = file.storyboard; name = Base; path = Base.lproj/Main.storyboard; sourceTree = "<group>"; };
		9291E5E61B41E69E0070169B /* Images.xcassets */ = {isa = PBXFileReference; lastKnownFileType = folder.assetcatalog; path = Images.xcassets; sourceTree = "<group>"; };
		9291E5E91B41E69E0070169B /* Base */ = {isa = PBXFileReference; lastKnownFileType = file.xib; name = Base; path = Base.lproj/LaunchScreen.xib; sourceTree = "<group>"; };
		9291E5EF1B41E69E0070169B /* PTFilmFestTests.xctest */ = {isa = PBXFileReference; explicitFileType = wrapper.cfbundle; includeInIndex = 0; path = PTFilmFestTests.xctest; sourceTree = BUILT_PRODUCTS_DIR; };
		9291E5F41B41E69E0070169B /* Info.plist */ = {isa = PBXFileReference; lastKnownFileType = text.plist.xml; path = Info.plist; sourceTree = "<group>"; };
		9291E5F51B41E69E0070169B /* PTFilmFestTests.swift */ = {isa = PBXFileReference; lastKnownFileType = sourcecode.swift; path = PTFilmFestTests.swift; sourceTree = "<group>"; };
		9291E5FF1B41F75E0070169B /* Venue.swift */ = {isa = PBXFileReference; fileEncoding = 4; lastKnownFileType = sourcecode.swift; path = Venue.swift; sourceTree = "<group>"; };
		9291E6001B41F75E0070169B /* Event.swift */ = {isa = PBXFileReference; fileEncoding = 4; lastKnownFileType = sourcecode.swift; path = Event.swift; sourceTree = "<group>"; };
		9291E6011B41F75E0070169B /* ScheduleItem.swift */ = {isa = PBXFileReference; fileEncoding = 4; lastKnownFileType = sourcecode.swift; path = ScheduleItem.swift; sourceTree = "<group>"; };
/* End PBXFileReference section */

/* Begin PBXFrameworksBuildPhase section */
		9291E5D21B41E69E0070169B /* Frameworks */ = {
			isa = PBXFrameworksBuildPhase;
			buildActionMask = 2147483647;
			files = (
			);
			runOnlyForDeploymentPostprocessing = 0;
		};
		9291E5EC1B41E69E0070169B /* Frameworks */ = {
			isa = PBXFrameworksBuildPhase;
			buildActionMask = 2147483647;
			files = (
			);
			runOnlyForDeploymentPostprocessing = 0;
		};
/* End PBXFrameworksBuildPhase section */

/* Begin PBXGroup section */
		928F39B01B444CFE00D6A403 /* Event Images */ = {
			isa = PBXGroup;
			children = (
				928F39B11B444DE800D6A403 /* ballad_small.png */,
				928F39B21B444DE800D6A403 /* ballad@2x.png */,
				928F39B31B444DE800D6A403 /* cream_small.png */,
				928F39B41B444DE800D6A403 /* cream@2x.png */,
				928F39B51B444DE800D6A403 /* woman_small.png */,
				928F39B61B444DE800D6A403 /* woman@2x.png */,
			);
			name = "Event Images";
			sourceTree = "<group>";
		};
		9291E5CC1B41E69E0070169B = {
			isa = PBXGroup;
			children = (
				9291E5D71B41E69E0070169B /* PTFilmFest */,
				9291E5F21B41E69E0070169B /* PTFilmFestTests */,
				9291E5D61B41E69E0070169B /* Products */,
			);
			sourceTree = "<group>";
		};
		9291E5D61B41E69E0070169B /* Products */ = {
			isa = PBXGroup;
			children = (
				9291E5D51B41E69E0070169B /* PTFilmFest.app */,
				9291E5EF1B41E69E0070169B /* PTFilmFestTests.xctest */,
			);
			name = Products;
			sourceTree = "<group>";
		};
		9291E5D71B41E69E0070169B /* PTFilmFest */ = {
			isa = PBXGroup;
			children = (
				9291E5FF1B41F75E0070169B /* Venue.swift */,
				9291E6001B41F75E0070169B /* Event.swift */,
				9291E6011B41F75E0070169B /* ScheduleItem.swift */,
				9291E5DA1B41E69E0070169B /* AppDelegate.swift */,
				9291E5DF1B41E69E0070169B /* MasterViewController.swift */,
				924FCFF11B4B3B2900979718 /* TableViewCell.swift */,
				9291E5E11B41E69E0070169B /* DetailViewController.swift */,
				9291E5E31B41E69E0070169B /* Main.storyboard */,
				9291E5E61B41E69E0070169B /* Images.xcassets */,
				9291E5E81B41E69E0070169B /* LaunchScreen.xib */,
				9291E5DC1B41E69E0070169B /* PTFilmFest.xcdatamodeld */,
				928F39B01B444CFE00D6A403 /* Event Images */,
				9291E5D81B41E69E0070169B /* Supporting Files */,
			);
			path = PTFilmFest;
			sourceTree = "<group>";
		};
		9291E5D81B41E69E0070169B /* Supporting Files */ = {
			isa = PBXGroup;
			children = (
				9291E5D91B41E69E0070169B /* Info.plist */,
			);
			name = "Supporting Files";
			sourceTree = "<group>";
		};
		9291E5F21B41E69E0070169B /* PTFilmFestTests */ = {
			isa = PBXGroup;
			children = (
				9291E5F51B41E69E0070169B /* PTFilmFestTests.swift */,
				9291E5F31B41E69E0070169B /* Supporting Files */,
			);
			path = PTFilmFestTests;
			sourceTree = "<group>";
		};
		9291E5F31B41E69E0070169B /* Supporting Files */ = {
			isa = PBXGroup;
			children = (
				9291E5F41B41E69E0070169B /* Info.plist */,
			);
			name = "Supporting Files";
			sourceTree = "<group>";
		};
/* End PBXGroup section */

/* Begin PBXNativeTarget section */
		9291E5D41B41E69E0070169B /* PTFilmFest */ = {
			isa = PBXNativeTarget;
			buildConfigurationList = 9291E5F91B41E69E0070169B /* Build configuration list for PBXNativeTarget "PTFilmFest" */;
			buildPhases = (
				9291E5D11B41E69E0070169B /* Sources */,
				9291E5D21B41E69E0070169B /* Frameworks */,
				9291E5D31B41E69E0070169B /* Resources */,
			);
			buildRules = (
			);
			dependencies = (
			);
			name = PTFilmFest;
			productName = PTFilmFest;
			productReference = 9291E5D51B41E69E0070169B /* PTFilmFest.app */;
			productType = "com.apple.product-type.application";
		};
		9291E5EE1B41E69E0070169B /* PTFilmFestTests */ = {
			isa = PBXNativeTarget;
			buildConfigurationList = 9291E5FC1B41E69E0070169B /* Build configuration list for PBXNativeTarget "PTFilmFestTests" */;
			buildPhases = (
				9291E5EB1B41E69E0070169B /* Sources */,
				9291E5EC1B41E69E0070169B /* Frameworks */,
				9291E5ED1B41E69E0070169B /* Resources */,
			);
			buildRules = (
			);
			dependencies = (
				9291E5F11B41E69E0070169B /* PBXTargetDependency */,
			);
			name = PTFilmFestTests;
			productName = PTFilmFestTests;
			productReference = 9291E5EF1B41E69E0070169B /* PTFilmFestTests.xctest */;
			productType = "com.apple.product-type.bundle.unit-test";
		};
/* End PBXNativeTarget section */

/* Begin PBXProject section */
		9291E5CD1B41E69E0070169B /* Project object */ = {
			isa = PBXProject;
			attributes = {
				LastSwiftUpdateCheck = 0700;
				LastUpgradeCheck = 0630;
				ORGANIZATIONNAME = "Steve Schauer";
				TargetAttributes = {
					9291E5D41B41E69E0070169B = {
						CreatedOnToolsVersion = 6.3.1;
						DevelopmentTeam = 9B2LMG3NN7;
					};
					9291E5EE1B41E69E0070169B = {
						CreatedOnToolsVersion = 6.3.1;
						TestTargetID = 9291E5D41B41E69E0070169B;
					};
				};
			};
			buildConfigurationList = 9291E5D01B41E69E0070169B /* Build configuration list for PBXProject "PTFilmFest" */;
			compatibilityVersion = "Xcode 3.2";
			developmentRegion = English;
			hasScannedForEncodings = 0;
			knownRegions = (
				en,
				Base,
			);
			mainGroup = 9291E5CC1B41E69E0070169B;
			productRefGroup = 9291E5D61B41E69E0070169B /* Products */;
			projectDirPath = "";
			projectRoot = "";
			targets = (
				9291E5D41B41E69E0070169B /* PTFilmFest */,
				9291E5EE1B41E69E0070169B /* PTFilmFestTests */,
			);
		};
/* End PBXProject section */

/* Begin PBXResourcesBuildPhase section */
		9291E5D31B41E69E0070169B /* Resources */ = {
			isa = PBXResourcesBuildPhase;
			buildActionMask = 2147483647;
			files = (
				928F39BC1B444DE800D6A403 /* woman@2x.png in Resources */,
				928F39B91B444DE800D6A403 /* cream_small.png in Resources */,
				9291E5E51B41E69E0070169B /* Main.storyboard in Resources */,
				928F39BA1B444DE800D6A403 /* cream@2x.png in Resources */,
				928F39B71B444DE800D6A403 /* ballad_small.png in Resources */,
				928F39B81B444DE800D6A403 /* ballad@2x.png in Resources */,
				9291E5EA1B41E69E0070169B /* LaunchScreen.xib in Resources */,
				928F39BB1B444DE800D6A403 /* woman_small.png in Resources */,
				9291E5E71B41E69E0070169B /* Images.xcassets in Resources */,
			);
			runOnlyForDeploymentPostprocessing = 0;
		};
		9291E5ED1B41E69E0070169B /* Resources */ = {
			isa = PBXResourcesBuildPhase;
			buildActionMask = 2147483647;
			files = (
			);
			runOnlyForDeploymentPostprocessing = 0;
		};
/* End PBXResourcesBuildPhase section */

/* Begin PBXSourcesBuildPhase section */
		9291E5D11B41E69E0070169B /* Sources */ = {
			isa = PBXSourcesBuildPhase;
			buildActionMask = 2147483647;
			files = (
				9291E5DB1B41E69E0070169B /* AppDelegate.swift in Sources */,
				924FCFF21B4B3B2900979718 /* TableViewCell.swift in Sources */,
				9291E6021B41F75E0070169B /* Venue.swift in Sources */,
				9291E5DE1B41E69E0070169B /* PTFilmFest.xcdatamodeld in Sources */,
				9291E6041B41F75E0070169B /* ScheduleItem.swift in Sources */,
				9291E5E01B41E69E0070169B /* MasterViewController.swift in Sources */,
				9291E6031B41F75E0070169B /* Event.swift in Sources */,
				9291E5E21B41E69E0070169B /* DetailViewController.swift in Sources */,
			);
			runOnlyForDeploymentPostprocessing = 0;
		};
		9291E5EB1B41E69E0070169B /* Sources */ = {
			isa = PBXSourcesBuildPhase;
			buildActionMask = 2147483647;
			files = (
				9291E5F61B41E69E0070169B /* PTFilmFestTests.swift in Sources */,
			);
			runOnlyForDeploymentPostprocessing = 0;
		};
/* End PBXSourcesBuildPhase section */

/* Begin PBXTargetDependency section */
		9291E5F11B41E69E0070169B /* PBXTargetDependency */ = {
			isa = PBXTargetDependency;
			target = 9291E5D41B41E69E0070169B /* PTFilmFest */;
			targetProxy = 9291E5F01B41E69E0070169B /* PBXContainerItemProxy */;
		};
/* End PBXTargetDependency section */

/* Begin PBXVariantGroup section */
		9291E5E31B41E69E0070169B /* Main.storyboard */ = {
			isa = PBXVariantGroup;
			children = (
				9291E5E41B41E69E0070169B /* Base */,
			);
			name = Main.storyboard;
			sourceTree = "<group>";
		};
		9291E5E81B41E69E0070169B /* LaunchScreen.xib */ = {
			isa = PBXVariantGroup;
			children = (
				9291E5E91B41E69E0070169B /* Base */,
			);
			name = LaunchScreen.xib;
			sourceTree = "<group>";
		};
/* End PBXVariantGroup section */

/* Begin XCBuildConfiguration section */
		9291E5F71B41E69E0070169B /* Debug */ = {
			isa = XCBuildConfiguration;
			buildSettings = {
				ALWAYS_SEARCH_USER_PATHS = NO;
				CLANG_CXX_LANGUAGE_STANDARD = "gnu++0x";
				CLANG_CXX_LIBRARY = "libc++";
				CLANG_ENABLE_MODULES = YES;
				CLANG_ENABLE_OBJC_ARC = YES;
				CLANG_WARN_BOOL_CONVERSION = YES;
				CLANG_WARN_CONSTANT_CONVERSION = YES;
				CLANG_WARN_DIRECT_OBJC_ISA_USAGE = YES_ERROR;
				CLANG_WARN_EMPTY_BODY = YES;
				CLANG_WARN_ENUM_CONVERSION = YES;
				CLANG_WARN_INT_CONVERSION = YES;
				CLANG_WARN_OBJC_ROOT_CLASS = YES_ERROR;
				CLANG_WARN_UNREACHABLE_CODE = YES;
				CLANG_WARN__DUPLICATE_METHOD_MATCH = YES;
				"CODE_SIGN_IDENTITY[sdk=iphoneos*]" = "iPhone Developer";
				COPY_PHASE_STRIP = NO;
				DEBUG_INFORMATION_FORMAT = "dwarf-with-dsym";
				ENABLE_STRICT_OBJC_MSGSEND = YES;
				GCC_C_LANGUAGE_STANDARD = gnu99;
				GCC_DYNAMIC_NO_PIC = NO;
				GCC_NO_COMMON_BLOCKS = YES;
				GCC_OPTIMIZATION_LEVEL = 0;
				GCC_PREPROCESSOR_DEFINITIONS = (
					"DEBUG=1",
					"$(inherited)",
				);
				GCC_SYMBOLS_PRIVATE_EXTERN = NO;
				GCC_WARN_64_TO_32_BIT_CONVERSION = YES;
				GCC_WARN_ABOUT_RETURN_TYPE = YES_ERROR;
				GCC_WARN_UNDECLARED_SELECTOR = YES;
				GCC_WARN_UNINITIALIZED_AUTOS = YES_AGGRESSIVE;
				GCC_WARN_UNUSED_FUNCTION = YES;
				GCC_WARN_UNUSED_VARIABLE = YES;
				IPHONEOS_DEPLOYMENT_TARGET = 8.3;
				MTL_ENABLE_DEBUG_INFO = YES;
				ONLY_ACTIVE_ARCH = YES;
				SDKROOT = iphoneos;
				SWIFT_OPTIMIZATION_LEVEL = "-Onone";
				TARGETED_DEVICE_FAMILY = "1,2";
			};
			name = Debug;
		};
		9291E5F81B41E69E0070169B /* Release */ = {
			isa = XCBuildConfiguration;
			buildSettings = {
				ALWAYS_SEARCH_USER_PATHS = NO;
				CLANG_CXX_LANGUAGE_STANDARD = "gnu++0x";
				CLANG_CXX_LIBRARY = "libc++";
				CLANG_ENABLE_MODULES = YES;
				CLANG_ENABLE_OBJC_ARC = YES;
				CLANG_WARN_BOOL_CONVERSION = YES;
				CLANG_WARN_CONSTANT_CONVERSION = YES;
				CLANG_WARN_DIRECT_OBJC_ISA_USAGE = YES_ERROR;
				CLANG_WARN_EMPTY_BODY = YES;
				CLANG_WARN_ENUM_CONVERSION = YES;
				CLANG_WARN_INT_CONVERSION = YES;
				CLANG_WARN_OBJC_ROOT_CLASS = YES_ERROR;
				CLANG_WARN_UNREACHABLE_CODE = YES;
				CLANG_WARN__DUPLICATE_METHOD_MATCH = YES;
				"CODE_SIGN_IDENTITY[sdk=iphoneos*]" = "iPhone Developer";
				COPY_PHASE_STRIP = NO;
				DEBUG_INFORMATION_FORMAT = "dwarf-with-dsym";
				ENABLE_NS_ASSERTIONS = NO;
				ENABLE_STRICT_OBJC_MSGSEND = YES;
				GCC_C_LANGUAGE_STANDARD = gnu99;
				GCC_NO_COMMON_BLOCKS = YES;
				GCC_WARN_64_TO_32_BIT_CONVERSION = YES;
				GCC_WARN_ABOUT_RETURN_TYPE = YES_ERROR;
				GCC_WARN_UNDECLARED_SELECTOR = YES;
				GCC_WARN_UNINITIALIZED_AUTOS = YES_AGGRESSIVE;
				GCC_WARN_UNUSED_FUNCTION = YES;
				GCC_WARN_UNUSED_VARIABLE = YES;
				IPHONEOS_DEPLOYMENT_TARGET = 8.3;
				MTL_ENABLE_DEBUG_INFO = NO;
				SDKROOT = iphoneos;
				TARGETED_DEVICE_FAMILY = "1,2";
				VALIDATE_PRODUCT = YES;
			};
			name = Release;
		};
		9291E5FA1B41E69E0070169B /* Debug */ = {
			isa = XCBuildConfiguration;
			buildSettings = {
				ASSETCATALOG_COMPILER_APPICON_NAME = AppIcon;
				CODE_SIGN_IDENTITY = "iPhone Developer";
				"CODE_SIGN_IDENTITY[sdk=iphoneos*]" = "iPhone Developer";
				INFOPLIST_FILE = PTFilmFest/Info.plist;
				LD_RUNPATH_SEARCH_PATHS = "$(inherited) @executable_path/Frameworks";
				PRODUCT_NAME = "$(TARGET_NAME)";
				PROVISIONING_PROFILE = "";
			};
			name = Debug;
		};
		9291E5FB1B41E69E0070169B /* Release */ = {
			isa = XCBuildConfiguration;
			buildSettings = {
				ASSETCATALOG_COMPILER_APPICON_NAME = AppIcon;
				CODE_SIGN_IDENTITY = "iPhone Developer";
				"CODE_SIGN_IDENTITY[sdk=iphoneos*]" = "iPhone Developer";
				INFOPLIST_FILE = PTFilmFest/Info.plist;
				LD_RUNPATH_SEARCH_PATHS = "$(inherited) @executable_path/Frameworks";
				PRODUCT_NAME = "$(TARGET_NAME)";
				PROVISIONING_PROFILE = "";
			};
			name = Release;
		};
		9291E5FD1B41E69E0070169B /* Debug */ = {
			isa = XCBuildConfiguration;
			buildSettings = {
				BUNDLE_LOADER = "$(TEST_HOST)";
				FRAMEWORK_SEARCH_PATHS = (
					"$(SDKROOT)/Developer/Library/Frameworks",
					"$(inherited)",
				);
				GCC_PREPROCESSOR_DEFINITIONS = (
					"DEBUG=1",
					"$(inherited)",
				);
				INFOPLIST_FILE = PTFilmFestTests/Info.plist;
				LD_RUNPATH_SEARCH_PATHS = "$(inherited) @executable_path/Frameworks @loader_path/Frameworks";
				PRODUCT_NAME = "$(TARGET_NAME)";
				TEST_HOST = "$(BUILT_PRODUCTS_DIR)/PTFilmFest.app/PTFilmFest";
			};
			name = Debug;
		};
		9291E5FE1B41E69E0070169B /* Release */ = {
			isa = XCBuildConfiguration;
			buildSettings = {
				BUNDLE_LOADER = "$(TEST_HOST)";
				FRAMEWORK_SEARCH_PATHS = (
					"$(SDKROOT)/Developer/Library/Frameworks",
					"$(inherited)",
				);
				INFOPLIST_FILE = PTFilmFestTests/Info.plist;
				LD_RUNPATH_SEARCH_PATHS = "$(inherited) @executable_path/Frameworks @loader_path/Frameworks";
				PRODUCT_NAME = "$(TARGET_NAME)";
				TEST_HOST = "$(BUILT_PRODUCTS_DIR)/PTFilmFest.app/PTFilmFest";
			};
			name = Release;
		};
/* End XCBuildConfiguration section */

/* Begin XCConfigurationList section */
		9291E5D01B41E69E0070169B /* Build configuration list for PBXProject "PTFilmFest" */ = {
			isa = XCConfigurationList;
			buildConfigurations = (
				9291E5F71B41E69E0070169B /* Debug */,
				9291E5F81B41E69E0070169B /* Release */,
			);
			defaultConfigurationIsVisible = 0;
			defaultConfigurationName = Release;
		};
		9291E5F91B41E69E0070169B /* Build configuration list for PBXNativeTarget "PTFilmFest" */ = {
			isa = XCConfigurationList;
			buildConfigurations = (
				9291E5FA1B41E69E0070169B /* Debug */,
				9291E5FB1B41E69E0070169B /* Release */,
			);
			defaultConfigurationIsVisible = 0;
			defaultConfigurationName = Release;
		};
		9291E5FC1B41E69E0070169B /* Build configuration list for PBXNativeTarget "PTFilmFestTests" */ = {
			isa = XCConfigurationList;
			buildConfigurations = (
				9291E5FD1B41E69E0070169B /* Debug */,
				9291E5FE1B41E69E0070169B /* Release */,
			);
			defaultConfigurationIsVisible = 0;
			defaultConfigurationName = Release;
		};
/* End XCConfigurationList section */

/* Begin XCVersionGroup section */
		9291E5DC1B41E69E0070169B /* PTFilmFest.xcdatamodeld */ = {
			isa = XCVersionGroup;
			children = (
				9291E5DD1B41E69E0070169B /* PTFilmFest.xcdatamodel */,
			);
			currentVersion = 9291E5DD1B41E69E0070169B /* PTFilmFest.xcdatamodel */;
			path = PTFilmFest.xcdatamodeld;
			sourceTree = "<group>";
			versionGroupType = wrapper.xcdatamodel;
		};
/* End XCVersionGroup section */
	};
	rootObject = 9291E5CD1B41E69E0070169B /* Project object */;
}
